
Microsoft Visual Studio Solution File, Format Version 12.00
# Visual Studio Version 16
VisualStudioVersion = 25.0.1706.9
MinimumVisualStudioVersion = 10.0.40219.1
Project("{FAE04EC0-301F-11D3-BF4B-00C04F79EFBC}") = "RatingAPP", "RatingAPP\RatingAPP.csproj", "{69CD78B3-274E-4413-B058-DFC421F2758F}"
EndProject
Global
	GlobalSection(SolutionConfigurationPlatforms) = preSolution
		Debug|Any CPU = Debug|Any CPU
		Release|Any CPU = Release|Any CPU
	EndGlobalSection
	GlobalSection(ProjectConfigurationPlatforms) = postSolution
		{69CD78B3-274E-4413-B058-DFC421F2758F}.Debug|Any CPU.ActiveCfg = Debug|Any CPU
		{69CD78B3-274E-4413-B058-DFC421F2758F}.Debug|Any CPU.Build.0 = Debug|Any CPU
		{69CD78B3-274E-4413-B058-DFC421F2758F}.Release|Any CPU.ActiveCfg = Release|Any CPU
		{69CD78B3-274E-4413-B058-DFC421F2758F}.Release|Any CPU.Build.0 = Release|Any CPU
	EndGlobalSection
	GlobalSection(SolutionProperties) = preSolution
		HideSolutionNode = FALSE
	EndGlobalSection
	GlobalSection(ExtensibilityGlobals) = postSolution
		SolutionGuid = {36B75702-9B51-4FED-A003-A8AE23B37D32}
	EndGlobalSection
EndGlobal
